
Microsoft Visual Studio Solution File, Format Version 12.00
# Visual Studio Version 17
VisualStudioVersion = 17.4.33110.190
MinimumVisualStudioVersion = 10.0.40219.1
Project("{9A19103F-16F7-4668-BE54-9A1E7A4F7556}") = "FigureLibrary", "FigureLibrary\FigureLibrary.csproj", "{E3C3122E-8B36-4A01-AAC6-0D7736F9D4B4}"
EndProject
Project("{FAE04EC0-301F-11D3-BF4B-00C04F79EFBC}") = "Figure.Tests", "Figure.Tests\Figure.Tests.csproj", "{4585456C-2DA7-4C29-8CE8-26B665444350}"
EndProject
Global
	GlobalSection(SolutionConfigurationPlatforms) = preSolution
		Debug|Any CPU = Debug|Any CPU
		Release|Any CPU = Release|Any CPU
	EndGlobalSection
	GlobalSection(ProjectConfigurationPlatforms) = postSolution
		{E3C3122E-8B36-4A01-AAC6-0D7736F9D4B4}.Debug|Any CPU.ActiveCfg = Debug|Any CPU
		{E3C3122E-8B36-4A01-AAC6-0D7736F9D4B4}.Debug|Any CPU.Build.0 = Debug|Any CPU
		{E3C3122E-8B36-4A01-AAC6-0D7736F9D4B4}.Release|Any CPU.ActiveCfg = Release|Any CPU
		{E3C3122E-8B36-4A01-AAC6-0D7736F9D4B4}.Release|Any CPU.Build.0 = Release|Any CPU
		{4585456C-2DA7-4C29-8CE8-26B665444350}.Debug|Any CPU.ActiveCfg = Debug|Any CPU
		{4585456C-2DA7-4C29-8CE8-26B665444350}.Debug|Any CPU.Build.0 = Debug|Any CPU
		{4585456C-2DA7-4C29-8CE8-26B665444350}.Release|Any CPU.ActiveCfg = Release|Any CPU
		{4585456C-2DA7-4C29-8CE8-26B665444350}.Release|Any CPU.Build.0 = Release|Any CPU
	EndGlobalSection
	GlobalSection(SolutionProperties) = preSolution
		HideSolutionNode = FALSE
	EndGlobalSection
	GlobalSection(ExtensibilityGlobals) = postSolution
		SolutionGuid = {AAF94472-A251-4AB6-AAB7-1D1F6A033A89}
	EndGlobalSection
EndGlobal
